// !$*UTF8*$!
{
	archiveVersion = 1;
	classes = {
	};
	objectVersion = 77;
	objects = {

/* Begin PBXBuildFile section */
		84052E932EBBFD01007D1495 /* Auth in Frameworks */ = {isa = PBXBuildFile; productRef = 84052E922EBBFD01007D1495 /* Auth */; };
		84052E952EBBFD01007D1495 /* Functions in Frameworks */ = {isa = PBXBuildFile; productRef = 84052E942EBBFD01007D1495 /* Functions */; };
		84052E972EBBFD01007D1495 /* PostgREST in Frameworks */ = {isa = PBXBuildFile; productRef = 84052E962EBBFD01007D1495 /* PostgREST */; };
		84052E992EBBFD01007D1495 /* Realtime in Frameworks */ = {isa = PBXBuildFile; productRef = 84052E982EBBFD01007D1495 /* Realtime */; };
		84052E9B2EBBFD01007D1495 /* Storage in Frameworks */ = {isa = PBXBuildFile; productRef = 84052E9A2EBBFD01007D1495 /* Storage */; };
		84052E9E2EBBFEA5007D1495 /* Supabase in Frameworks */ = {isa = PBXBuildFile; productRef = 84052E9D2EBBFEA5007D1495 /* Supabase */; };
		84FE5BEA2EBE8CFA00A78864 /* GoogleSignIn in Frameworks */ = {isa = PBXBuildFile; productRef = 84FE5BE92EBE8CFA00A78864 /* GoogleSignIn */; };
		84FE5BEC2EBE8CFA00A78864 /* GoogleSignInSwift in Frameworks */ = {isa = PBXBuildFile; productRef = 84FE5BEB2EBE8CFA00A78864 /* GoogleSignInSwift */; };
/* End PBXBuildFile section */

/* Begin PBXContainerItemProxy section */
		84052E6F2EBBEE52007D1495 /* PBXContainerItemProxy */ = {
			isa = PBXContainerItemProxy;
			containerPortal = 84052E572EBBEE50007D1495 /* Project object */;
			proxyType = 1;
			remoteGlobalIDString = 84052E5E2EBBEE50007D1495;
			remoteInfo = "leafbud-frontend";
		};
		84052E792EBBEE52007D1495 /* PBXContainerItemProxy */ = {
			isa = PBXContainerItemProxy;
			containerPortal = 84052E572EBBEE50007D1495 /* Project object */;
			proxyType = 1;
			remoteGlobalIDString = 84052E5E2EBBEE50007D1495;
			remoteInfo = "leafbud-frontend";
		};
/* End PBXContainerItemProxy section */

/* Begin PBXFileReference section */
		84052E5F2EBBEE50007D1495 /* leafbud-frontend.app */ = {isa = PBXFileReference; explicitFileType = wrapper.application; includeInIndex = 0; path = "leafbud-frontend.app"; sourceTree = BUILT_PRODUCTS_DIR; };
		84052E6E2EBBEE52007D1495 /* leafbud-frontendTests.xctest */ = {isa = PBXFileReference; explicitFileType = wrapper.cfbundle; includeInIndex = 0; path = "leafbud-frontendTests.xctest"; sourceTree = BUILT_PRODUCTS_DIR; };
		84052E782EBBEE52007D1495 /* leafbud-frontendUITests.xctest */ = {isa = PBXFileReference; explicitFileType = wrapper.cfbundle; includeInIndex = 0; path = "leafbud-frontendUITests.xctest"; sourceTree = BUILT_PRODUCTS_DIR; };
		84052E9F2EBC0016007D1495 /* secrets.xcconfig */ = {isa = PBXFileReference; lastKnownFileType = text.xcconfig; path = secrets.xcconfig; sourceTree = "<group>"; };
/* End PBXFileReference section */

/* Begin PBXFileSystemSynchronizedBuildFileExceptionSet section */
		84052EA52EBD5118007D1495 /* Exceptions for "leafbud-frontend" folder in "leafbud-frontend" target */ = {
			isa = PBXFileSystemSynchronizedBuildFileExceptionSet;
			membershipExceptions = (
				Info.plist,
			);
			target = 84052E5E2EBBEE50007D1495 /* leafbud-frontend */;
		};
/* End PBXFileSystemSynchronizedBuildFileExceptionSet section */

/* Begin PBXFileSystemSynchronizedRootGroup section */
		84052E612EBBEE50007D1495 /* leafbud-frontend */ = {
			isa = PBXFileSystemSynchronizedRootGroup;
			exceptions = (
				84052EA52EBD5118007D1495 /* Exceptions for "leafbud-frontend" folder in "leafbud-frontend" target */,
			);
			path = "leafbud-frontend";
			sourceTree = "<group>";
		};
		84052E712EBBEE52007D1495 /* leafbud-frontendTests */ = {
			isa = PBXFileSystemSynchronizedRootGroup;
			path = "leafbud-frontendTests";
			sourceTree = "<group>";
		};
		84052E7B2EBBEE52007D1495 /* leafbud-frontendUITests */ = {
			isa = PBXFileSystemSynchronizedRootGroup;
			path = "leafbud-frontendUITests";
			sourceTree = "<group>";
		};
/* End PBXFileSystemSynchronizedRootGroup section */

/* Begin PBXFrameworksBuildPhase section */
		84052E5C2EBBEE50007D1495 /* Frameworks */ = {
			isa = PBXFrameworksBuildPhase;
			buildActionMask = 2147483647;
			files = (
				84052E972EBBFD01007D1495 /* PostgREST in Frameworks */,
				84052E952EBBFD01007D1495 /* Functions in Frameworks */,
				84052E9E2EBBFEA5007D1495 /* Supabase in Frameworks */,
				84FE5BEC2EBE8CFA00A78864 /* GoogleSignInSwift in Frameworks */,
				84052E932EBBFD01007D1495 /* Auth in Frameworks */,
				84052E9B2EBBFD01007D1495 /* Storage in Frameworks */,
				84052E992EBBFD01007D1495 /* Realtime in Frameworks */,
				84FE5BEA2EBE8CFA00A78864 /* GoogleSignIn in Frameworks */,
			);
			runOnlyForDeploymentPostprocessing = 0;
		};
		84052E6B2EBBEE52007D1495 /* Frameworks */ = {
			isa = PBXFrameworksBuildPhase;
			buildActionMask = 2147483647;
			files = (
			);
			runOnlyForDeploymentPostprocessing = 0;
		};
		84052E752EBBEE52007D1495 /* Frameworks */ = {
			isa = PBXFrameworksBuildPhase;
			buildActionMask = 2147483647;
			files = (
			);
			runOnlyForDeploymentPostprocessing = 0;
		};
/* End PBXFrameworksBuildPhase section */

/* Begin PBXGroup section */
		84052E562EBBEE50007D1495 = {
			isa = PBXGroup;
			children = (
				84052E612EBBEE50007D1495 /* leafbud-frontend */,
				84052E712EBBEE52007D1495 /* leafbud-frontendTests */,
				84052E7B2EBBEE52007D1495 /* leafbud-frontendUITests */,
				84052E9C2EBBFEA5007D1495 /* Frameworks */,
				84052E602EBBEE50007D1495 /* Products */,
				84052E9F2EBC0016007D1495 /* secrets.xcconfig */,
			);
			sourceTree = "<group>";
		};
		84052E602EBBEE50007D1495 /* Products */ = {
			isa = PBXGroup;
			children = (
				84052E5F2EBBEE50007D1495 /* leafbud-frontend.app */,
				84052E6E2EBBEE52007D1495 /* leafbud-frontendTests.xctest */,
				84052E782EBBEE52007D1495 /* leafbud-frontendUITests.xctest */,
			);
			name = Products;
			sourceTree = "<group>";
		};
		84052E9C2EBBFEA5007D1495 /* Frameworks */ = {
			isa = PBXGroup;
			children = (
			);
			name = Frameworks;
			sourceTree = "<group>";
		};
/* End PBXGroup section */

/* Begin PBXNativeTarget section */
		84052E5E2EBBEE50007D1495 /* leafbud-frontend */ = {
			isa = PBXNativeTarget;
			buildConfigurationList = 84052E822EBBEE52007D1495 /* Build configuration list for PBXNativeTarget "leafbud-frontend" */;
			buildPhases = (
				84052E5B2EBBEE50007D1495 /* Sources */,
				84052E5C2EBBEE50007D1495 /* Frameworks */,
				84052E5D2EBBEE50007D1495 /* Resources */,
			);
			buildRules = (
			);
			dependencies = (
			);
			fileSystemSynchronizedGroups = (
				84052E612EBBEE50007D1495 /* leafbud-frontend */,
			);
			name = "leafbud-frontend";
			packageProductDependencies = (
				84052E922EBBFD01007D1495 /* Auth */,
				84052E942EBBFD01007D1495 /* Functions */,
				84052E962EBBFD01007D1495 /* PostgREST */,
				84052E982EBBFD01007D1495 /* Realtime */,
				84052E9A2EBBFD01007D1495 /* Storage */,
				84052E9D2EBBFEA5007D1495 /* Supabase */,
				84FE5BE92EBE8CFA00A78864 /* GoogleSignIn */,
				84FE5BEB2EBE8CFA00A78864 /* GoogleSignInSwift */,
			);
			productName = "leafbud-frontend";
			productReference = 84052E5F2EBBEE50007D1495 /* leafbud-frontend.app */;
			productType = "com.apple.product-type.application";
		};
		84052E6D2EBBEE52007D1495 /* leafbud-frontendTests */ = {
			isa = PBXNativeTarget;
			buildConfigurationList = 84052E852EBBEE52007D1495 /* Build configuration list for PBXNativeTarget "leafbud-frontendTests" */;
			buildPhases = (
				84052E6A2EBBEE52007D1495 /* Sources */,
				84052E6B2EBBEE52007D1495 /* Frameworks */,
				84052E6C2EBBEE52007D1495 /* Resources */,
			);
			buildRules = (
			);
			dependencies = (
				84052E702EBBEE52007D1495 /* PBXTargetDependency */,
			);
			fileSystemSynchronizedGroups = (
				84052E712EBBEE52007D1495 /* leafbud-frontendTests */,
			);
			name = "leafbud-frontendTests";
			packageProductDependencies = (
			);
			productName = "leafbud-frontendTests";
			productReference = 84052E6E2EBBEE52007D1495 /* leafbud-frontendTests.xctest */;
			productType = "com.apple.product-type.bundle.unit-test";
		};
		84052E772EBBEE52007D1495 /* leafbud-frontendUITests */ = {
			isa = PBXNativeTarget;
			buildConfigurationList = 84052E882EBBEE52007D1495 /* Build configuration list for PBXNativeTarget "leafbud-frontendUITests" */;
			buildPhases = (
				84052E742EBBEE52007D1495 /* Sources */,
				84052E752EBBEE52007D1495 /* Frameworks */,
				84052E762EBBEE52007D1495 /* Resources */,
			);
			buildRules = (
			);
			dependencies = (
				84052E7A2EBBEE52007D1495 /* PBXTargetDependency */,
			);
			fileSystemSynchronizedGroups = (
				84052E7B2EBBEE52007D1495 /* leafbud-frontendUITests */,
			);
			name = "leafbud-frontendUITests";
			packageProductDependencies = (
			);
			productName = "leafbud-frontendUITests";
			productReference = 84052E782EBBEE52007D1495 /* leafbud-frontendUITests.xctest */;
			productType = "com.apple.product-type.bundle.ui-testing";
		};
/* End PBXNativeTarget section */

/* Begin PBXProject section */
		84052E572EBBEE50007D1495 /* Project object */ = {
			isa = PBXProject;
			attributes = {
				BuildIndependentTargetsInParallel = 1;
				LastSwiftUpdateCheck = 2600;
				LastUpgradeCheck = 2600;
				TargetAttributes = {
					84052E5E2EBBEE50007D1495 = {
						CreatedOnToolsVersion = 26.0.1;
					};
					84052E6D2EBBEE52007D1495 = {
						CreatedOnToolsVersion = 26.0.1;
						TestTargetID = 84052E5E2EBBEE50007D1495;
					};
					84052E772EBBEE52007D1495 = {
						CreatedOnToolsVersion = 26.0.1;
						TestTargetID = 84052E5E2EBBEE50007D1495;
					};
				};
			};
			buildConfigurationList = 84052E5A2EBBEE50007D1495 /* Build configuration list for PBXProject "leafbud-frontend" */;
			developmentRegion = en;
			hasScannedForEncodings = 0;
			knownRegions = (
				en,
				Base,
			);
			mainGroup = 84052E562EBBEE50007D1495;
			minimizedProjectReferenceProxies = 1;
			packageReferences = (
				84052E912EBBFD01007D1495 /* XCRemoteSwiftPackageReference "supabase-swift" */,
				84FE5BE82EBE8CFA00A78864 /* XCRemoteSwiftPackageReference "GoogleSignIn-iOS" */,
			);
			preferredProjectObjectVersion = 77;
			productRefGroup = 84052E602EBBEE50007D1495 /* Products */;
			projectDirPath = "";
			projectRoot = "";
			targets = (
				84052E5E2EBBEE50007D1495 /* leafbud-frontend */,
				84052E6D2EBBEE52007D1495 /* leafbud-frontendTests */,
				84052E772EBBEE52007D1495 /* leafbud-frontendUITests */,
			);
		};
/* End PBXProject section */

/* Begin PBXResourcesBuildPhase section */
		84052E5D2EBBEE50007D1495 /* Resources */ = {
			isa = PBXResourcesBuildPhase;
			buildActionMask = 2147483647;
			files = (
			);
			runOnlyForDeploymentPostprocessing = 0;
		};
		84052E6C2EBBEE52007D1495 /* Resources */ = {
			isa = PBXResourcesBuildPhase;
			buildActionMask = 2147483647;
			files = (
			);
			runOnlyForDeploymentPostprocessing = 0;
		};
		84052E762EBBEE52007D1495 /* Resources */ = {
			isa = PBXResourcesBuildPhase;
			buildActionMask = 2147483647;
			files = (
			);
			runOnlyForDeploymentPostprocessing = 0;
		};
/* End PBXResourcesBuildPhase section */

/* Begin PBXSourcesBuildPhase section */
		84052E5B2EBBEE50007D1495 /* Sources */ = {
			isa = PBXSourcesBuildPhase;
			buildActionMask = 2147483647;
			files = (
			);
			runOnlyForDeploymentPostprocessing = 0;
		};
		84052E6A2EBBEE52007D1495 /* Sources */ = {
			isa = PBXSourcesBuildPhase;
			buildActionMask = 2147483647;
			files = (
			);
			runOnlyForDeploymentPostprocessing = 0;
		};
		84052E742EBBEE52007D1495 /* Sources */ = {
			isa = PBXSourcesBuildPhase;
			buildActionMask = 2147483647;
			files = (
			);
			runOnlyForDeploymentPostprocessing = 0;
		};
/* End PBXSourcesBuildPhase section */

/* Begin PBXTargetDependency section */
		84052E702EBBEE52007D1495 /* PBXTargetDependency */ = {
			isa = PBXTargetDependency;
			target = 84052E5E2EBBEE50007D1495 /* leafbud-frontend */;
			targetProxy = 84052E6F2EBBEE52007D1495 /* PBXContainerItemProxy */;
		};
		84052E7A2EBBEE52007D1495 /* PBXTargetDependency */ = {
			isa = PBXTargetDependency;
			target = 84052E5E2EBBEE50007D1495 /* leafbud-frontend */;
			targetProxy = 84052E792EBBEE52007D1495 /* PBXContainerItemProxy */;
		};
/* End PBXTargetDependency section */

/* Begin XCBuildConfiguration section */
		84052E802EBBEE52007D1495 /* Debug */ = {
			isa = XCBuildConfiguration;
			baseConfigurationReference = 84052E9F2EBC0016007D1495 /* secrets.xcconfig */;
			buildSettings = {
				ALWAYS_SEARCH_USER_PATHS = NO;
				ASSETCATALOG_COMPILER_GENERATE_SWIFT_ASSET_SYMBOL_EXTENSIONS = YES;
				CLANG_ANALYZER_NONNULL = YES;
				CLANG_ANALYZER_NUMBER_OBJECT_CONVERSION = YES_AGGRESSIVE;
				CLANG_CXX_LANGUAGE_STANDARD = "gnu++20";
				CLANG_ENABLE_MODULES = YES;
				CLANG_ENABLE_OBJC_ARC = YES;
				CLANG_ENABLE_OBJC_WEAK = YES;
				CLANG_WARN_BLOCK_CAPTURE_AUTORELEASING = YES;
				CLANG_WARN_BOOL_CONVERSION = YES;
				CLANG_WARN_COMMA = YES;
				CLANG_WARN_CONSTANT_CONVERSION = YES;
				CLANG_WARN_DEPRECATED_OBJC_IMPLEMENTATIONS = YES;
				CLANG_WARN_DIRECT_OBJC_ISA_USAGE = YES_ERROR;
				CLANG_WARN_DOCUMENTATION_COMMENTS = YES;
				CLANG_WARN_EMPTY_BODY = YES;
				CLANG_WARN_ENUM_CONVERSION = YES;
				CLANG_WARN_INFINITE_RECURSION = YES;
				CLANG_WARN_INT_CONVERSION = YES;
				CLANG_WARN_NON_LITERAL_NULL_CONVERSION = YES;
				CLANG_WARN_OBJC_IMPLICIT_RETAIN_SELF = YES;
				CLANG_WARN_OBJC_LITERAL_CONVERSION = YES;
				CLANG_WARN_OBJC_ROOT_CLASS = YES_ERROR;
				CLANG_WARN_QUOTED_INCLUDE_IN_FRAMEWORK_HEADER = YES;
				CLANG_WARN_RANGE_LOOP_ANALYSIS = YES;
				CLANG_WARN_STRICT_PROTOTYPES = YES;
				CLANG_WARN_SUSPICIOUS_MOVE = YES;
				CLANG_WARN_UNGUARDED_AVAILABILITY = YES_AGGRESSIVE;
				CLANG_WARN_UNREACHABLE_CODE = YES;
				CLANG_WARN__DUPLICATE_METHOD_MATCH = YES;
				COPY_PHASE_STRIP = NO;
				DEBUG_INFORMATION_FORMAT = dwarf;
				ENABLE_STRICT_OBJC_MSGSEND = YES;
				ENABLE_TESTABILITY = YES;
				ENABLE_USER_SCRIPT_SANDBOXING = YES;
				GCC_C_LANGUAGE_STANDARD = gnu17;
				GCC_DYNAMIC_NO_PIC = NO;
				GCC_NO_COMMON_BLOCKS = YES;
				GCC_OPTIMIZATION_LEVEL = 0;
				GCC_PREPROCESSOR_DEFINITIONS = (
					"DEBUG=1",
					"$(inherited)",
				);
				GCC_WARN_64_TO_32_BIT_CONVERSION = YES;
				GCC_WARN_ABOUT_RETURN_TYPE = YES_ERROR;
				GCC_WARN_UNDECLARED_SELECTOR = YES;
				GCC_WARN_UNINITIALIZED_AUTOS = YES_AGGRESSIVE;
				GCC_WARN_UNUSED_FUNCTION = YES;
				GCC_WARN_UNUSED_VARIABLE = YES;
				IPHONEOS_DEPLOYMENT_TARGET = 26.0;
				LOCALIZATION_PREFERS_STRING_CATALOGS = YES;
				MTL_ENABLE_DEBUG_INFO = INCLUDE_SOURCE;
				MTL_FAST_MATH = YES;
				ONLY_ACTIVE_ARCH = YES;
				SDKROOT = iphoneos;
				SWIFT_ACTIVE_COMPILATION_CONDITIONS = "DEBUG $(inherited)";
				SWIFT_OPTIMIZATION_LEVEL = "-Onone";
			};
			name = Debug;
		};
		84052E812EBBEE52007D1495 /* Release */ = {
			isa = XCBuildConfiguration;
			baseConfigurationReference = 84052E9F2EBC0016007D1495 /* secrets.xcconfig */;
			buildSettings = {
				ALWAYS_SEARCH_USER_PATHS = NO;
				ASSETCATALOG_COMPILER_GENERATE_SWIFT_ASSET_SYMBOL_EXTENSIONS = YES;
				CLANG_ANALYZER_NONNULL = YES;
				CLANG_ANALYZER_NUMBER_OBJECT_CONVERSION = YES_AGGRESSIVE;
				CLANG_CXX_LANGUAGE_STANDARD = "gnu++20";
				CLANG_ENABLE_MODULES = YES;
				CLANG_ENABLE_OBJC_ARC = YES;
				CLANG_ENABLE_OBJC_WEAK = YES;
				CLANG_WARN_BLOCK_CAPTURE_AUTORELEASING = YES;
				CLANG_WARN_BOOL_CONVERSION = YES;
				CLANG_WARN_COMMA = YES;
				CLANG_WARN_CONSTANT_CONVERSION = YES;
				CLANG_WARN_DEPRECATED_OBJC_IMPLEMENTATIONS = YES;
				CLANG_WARN_DIRECT_OBJC_ISA_USAGE = YES_ERROR;
				CLANG_WARN_DOCUMENTATION_COMMENTS = YES;
				CLANG_WARN_EMPTY_BODY = YES;
				CLANG_WARN_ENUM_CONVERSION = YES;
				CLANG_WARN_INFINITE_RECURSION = YES;
				CLANG_WARN_INT_CONVERSION = YES;
				CLANG_WARN_NON_LITERAL_NULL_CONVERSION = YES;
				CLANG_WARN_OBJC_IMPLICIT_RETAIN_SELF = YES;
				CLANG_WARN_OBJC_LITERAL_CONVERSION = YES;
				CLANG_WARN_OBJC_ROOT_CLASS = YES_ERROR;
				CLANG_WARN_QUOTED_INCLUDE_IN_FRAMEWORK_HEADER = YES;
				CLANG_WARN_RANGE_LOOP_ANALYSIS = YES;
				CLANG_WARN_STRICT_PROTOTYPES = YES;
				CLANG_WARN_SUSPICIOUS_MOVE = YES;
				CLANG_WARN_UNGUARDED_AVAILABILITY = YES_AGGRESSIVE;
				CLANG_WARN_UNREACHABLE_CODE = YES;
				CLANG_WARN__DUPLICATE_METHOD_MATCH = YES;
				COPY_PHASE_STRIP = NO;
				DEBUG_INFORMATION_FORMAT = "dwarf-with-dsym";
				ENABLE_NS_ASSERTIONS = NO;
				ENABLE_STRICT_OBJC_MSGSEND = YES;
				ENABLE_USER_SCRIPT_SANDBOXING = YES;
				GCC_C_LANGUAGE_STANDARD = gnu17;
				GCC_NO_COMMON_BLOCKS = YES;
				GCC_WARN_64_TO_32_BIT_CONVERSION = YES;
				GCC_WARN_ABOUT_RETURN_TYPE = YES_ERROR;
				GCC_WARN_UNDECLARED_SELECTOR = YES;
				GCC_WARN_UNINITIALIZED_AUTOS = YES_AGGRESSIVE;
				GCC_WARN_UNUSED_FUNCTION = YES;
				GCC_WARN_UNUSED_VARIABLE = YES;
				IPHONEOS_DEPLOYMENT_TARGET = 26.0;
				LOCALIZATION_PREFERS_STRING_CATALOGS = YES;
				MTL_ENABLE_DEBUG_INFO = NO;
				MTL_FAST_MATH = YES;
				SDKROOT = iphoneos;
				SWIFT_COMPILATION_MODE = wholemodule;
				VALIDATE_PRODUCT = YES;
			};
			name = Release;
		};
		84052E832EBBEE52007D1495 /* Debug */ = {
			isa = XCBuildConfiguration;
			baseConfigurationReference = 84052E9F2EBC0016007D1495 /* secrets.xcconfig */;
			buildSettings = {
				ASSETCATALOG_COMPILER_APPICON_NAME = AppIcon;
				ASSETCATALOG_COMPILER_GLOBAL_ACCENT_COLOR_NAME = AccentColor;
				CODE_SIGN_STYLE = Automatic;
				CURRENT_PROJECT_VERSION = 1;
				ENABLE_PREVIEWS = YES;
				GENERATE_INFOPLIST_FILE = YES;
				INFOPLIST_FILE = "leafbud-frontend/Info.plist";
				INFOPLIST_KEY_CFBundleDisplayName = Leafbud;
				INFOPLIST_KEY_LSApplicationCategoryType = "public.app-category.lifestyle";
				INFOPLIST_KEY_UIApplicationSceneManifest_Generation = YES;
				INFOPLIST_KEY_UIApplicationSupportsIndirectInputEvents = YES;
				INFOPLIST_KEY_UILaunchScreen_Generation = YES;
				INFOPLIST_KEY_UILaunchStoryboardName = "Launch Screen.storyboard";
				INFOPLIST_KEY_UISupportedInterfaceOrientations_iPad = "UIInterfaceOrientationPortrait UIInterfaceOrientationPortraitUpsideDown UIInterfaceOrientationLandscapeLeft UIInterfaceOrientationLandscapeRight";
				INFOPLIST_KEY_UISupportedInterfaceOrientations_iPhone = "UIInterfaceOrientationPortrait UIInterfaceOrientationLandscapeLeft UIInterfaceOrientationLandscapeRight";
				IPHONEOS_DEPLOYMENT_TARGET = 18.5;
				LD_RUNPATH_SEARCH_PATHS = (
					"$(inherited)",
					"@executable_path/Frameworks",
				);
				MARKETING_VERSION = 1.0;
				PRODUCT_BUNDLE_IDENTIFIER = "edu.umich.eecs398.leafbud-frontend";
				PRODUCT_NAME = "$(TARGET_NAME)";
				STRING_CATALOG_GENERATE_SYMBOLS = YES;
				SWIFT_APPROACHABLE_CONCURRENCY = YES;
				SWIFT_DEFAULT_ACTOR_ISOLATION = MainActor;
				SWIFT_EMIT_LOC_STRINGS = YES;
				SWIFT_UPCOMING_FEATURE_MEMBER_IMPORT_VISIBILITY = YES;
				SWIFT_VERSION = 5.0;
				TARGETED_DEVICE_FAMILY = "1,2";
			};
			name = Debug;
		};
		84052E842EBBEE52007D1495 /* Release */ = {
			isa = XCBuildConfiguration;
			baseConfigurationReference = 84052E9F2EBC0016007D1495 /* secrets.xcconfig */;
			buildSettings = {
				ASSETCATALOG_COMPILER_APPICON_NAME = AppIcon;
				ASSETCATALOG_COMPILER_GLOBAL_ACCENT_COLOR_NAME = AccentColor;
				CODE_SIGN_STYLE = Automatic;
				CURRENT_PROJECT_VERSION = 1;
				ENABLE_PREVIEWS = YES;
				GENERATE_INFOPLIST_FILE = YES;
				INFOPLIST_FILE = "leafbud-frontend/Info.plist";
				INFOPLIST_KEY_CFBundleDisplayName = Leafbud;
				INFOPLIST_KEY_LSApplicationCategoryType = "public.app-category.lifestyle";
				INFOPLIST_KEY_UIApplicationSceneManifest_Generation = YES;
				INFOPLIST_KEY_UIApplicationSupportsIndirectInputEvents = YES;
				INFOPLIST_KEY_UILaunchScreen_Generation = YES;
				INFOPLIST_KEY_UILaunchStoryboardName = "Launch Screen.storyboard";
				INFOPLIST_KEY_UISupportedInterfaceOrientations_iPad = "UIInterfaceOrientationPortrait UIInterfaceOrientationPortraitUpsideDown UIInterfaceOrientationLandscapeLeft UIInterfaceOrientationLandscapeRight";
				INFOPLIST_KEY_UISupportedInterfaceOrientations_iPhone = "UIInterfaceOrientationPortrait UIInterfaceOrientationLandscapeLeft UIInterfaceOrientationLandscapeRight";
				IPHONEOS_DEPLOYMENT_TARGET = 18.5;
				LD_RUNPATH_SEARCH_PATHS = (
					"$(inherited)",
					"@executable_path/Frameworks",
				);
				MARKETING_VERSION = 1.0;
				PRODUCT_BUNDLE_IDENTIFIER = "edu.umich.eecs398.leafbud-frontend";
				PRODUCT_NAME = "$(TARGET_NAME)";
				STRING_CATALOG_GENERATE_SYMBOLS = YES;
				SWIFT_APPROACHABLE_CONCURRENCY = YES;
				SWIFT_DEFAULT_ACTOR_ISOLATION = MainActor;
				SWIFT_EMIT_LOC_STRINGS = YES;
				SWIFT_UPCOMING_FEATURE_MEMBER_IMPORT_VISIBILITY = YES;
				SWIFT_VERSION = 5.0;
				TARGETED_DEVICE_FAMILY = "1,2";
			};
			name = Release;
		};
		84052E862EBBEE52007D1495 /* Debug */ = {
			isa = XCBuildConfiguration;
			buildSettings = {
				BUNDLE_LOADER = "$(TEST_HOST)";
				CODE_SIGN_STYLE = Automatic;
				CURRENT_PROJECT_VERSION = 1;
				GENERATE_INFOPLIST_FILE = YES;
				IPHONEOS_DEPLOYMENT_TARGET = 26.0;
				MARKETING_VERSION = 1.0;
				PRODUCT_BUNDLE_IDENTIFIER = "edu.umich.eecs398.leafbud-frontendTests";
				PRODUCT_NAME = "$(TARGET_NAME)";
				STRING_CATALOG_GENERATE_SYMBOLS = NO;
				SWIFT_APPROACHABLE_CONCURRENCY = YES;
				SWIFT_EMIT_LOC_STRINGS = NO;
				SWIFT_UPCOMING_FEATURE_MEMBER_IMPORT_VISIBILITY = YES;
				SWIFT_VERSION = 5.0;
				TARGETED_DEVICE_FAMILY = "1,2";
				TEST_HOST = "$(BUILT_PRODUCTS_DIR)/leafbud-frontend.app/$(BUNDLE_EXECUTABLE_FOLDER_PATH)/leafbud-frontend";
			};
			name = Debug;
		};
		84052E872EBBEE52007D1495 /* Release */ = {
			isa = XCBuildConfiguration;
			buildSettings = {
				BUNDLE_LOADER = "$(TEST_HOST)";
				CODE_SIGN_STYLE = Automatic;
				CURRENT_PROJECT_VERSION = 1;
				GENERATE_INFOPLIST_FILE = YES;
				IPHONEOS_DEPLOYMENT_TARGET = 26.0;
				MARKETING_VERSION = 1.0;
				PRODUCT_BUNDLE_IDENTIFIER = "edu.umich.eecs398.leafbud-frontendTests";
				PRODUCT_NAME = "$(TARGET_NAME)";
				STRING_CATALOG_GENERATE_SYMBOLS = NO;
				SWIFT_APPROACHABLE_CONCURRENCY = YES;
				SWIFT_EMIT_LOC_STRINGS = NO;
				SWIFT_UPCOMING_FEATURE_MEMBER_IMPORT_VISIBILITY = YES;
				SWIFT_VERSION = 5.0;
				TARGETED_DEVICE_FAMILY = "1,2";
				TEST_HOST = "$(BUILT_PRODUCTS_DIR)/leafbud-frontend.app/$(BUNDLE_EXECUTABLE_FOLDER_PATH)/leafbud-frontend";
			};
			name = Release;
		};
		84052E892EBBEE52007D1495 /* Debug */ = {
			isa = XCBuildConfiguration;
			buildSettings = {
				CODE_SIGN_STYLE = Automatic;
				CURRENT_PROJECT_VERSION = 1;
				GENERATE_INFOPLIST_FILE = YES;
				MARKETING_VERSION = 1.0;
				PRODUCT_BUNDLE_IDENTIFIER = "edu.umich.eecs398.leafbud-frontendUITests";
				PRODUCT_NAME = "$(TARGET_NAME)";
				STRING_CATALOG_GENERATE_SYMBOLS = NO;
				SWIFT_APPROACHABLE_CONCURRENCY = YES;
				SWIFT_EMIT_LOC_STRINGS = NO;
				SWIFT_UPCOMING_FEATURE_MEMBER_IMPORT_VISIBILITY = YES;
				SWIFT_VERSION = 5.0;
				TARGETED_DEVICE_FAMILY = "1,2";
				TEST_TARGET_NAME = "leafbud-frontend";
			};
			name = Debug;
		};
		84052E8A2EBBEE52007D1495 /* Release */ = {
			isa = XCBuildConfiguration;
			buildSettings = {
				CODE_SIGN_STYLE = Automatic;
				CURRENT_PROJECT_VERSION = 1;
				GENERATE_INFOPLIST_FILE = YES;
				MARKETING_VERSION = 1.0;
				PRODUCT_BUNDLE_IDENTIFIER = "edu.umich.eecs398.leafbud-frontendUITests";
				PRODUCT_NAME = "$(TARGET_NAME)";
				STRING_CATALOG_GENERATE_SYMBOLS = NO;
				SWIFT_APPROACHABLE_CONCURRENCY = YES;
				SWIFT_EMIT_LOC_STRINGS = NO;
				SWIFT_UPCOMING_FEATURE_MEMBER_IMPORT_VISIBILITY = YES;
				SWIFT_VERSION = 5.0;
				TARGETED_DEVICE_FAMILY = "1,2";
				TEST_TARGET_NAME = "leafbud-frontend";
			};
			name = Release;
		};
/* End XCBuildConfiguration section */

/* Begin XCConfigurationList section */
		84052E5A2EBBEE50007D1495 /* Build configuration list for PBXProject "leafbud-frontend" */ = {
			isa = XCConfigurationList;
			buildConfigurations = (
				84052E802EBBEE52007D1495 /* Debug */,
				84052E812EBBEE52007D1495 /* Release */,
			);
			defaultConfigurationIsVisible = 0;
			defaultConfigurationName = Release;
		};
		84052E822EBBEE52007D1495 /* Build configuration list for PBXNativeTarget "leafbud-frontend" */ = {
			isa = XCConfigurationList;
			buildConfigurations = (
				84052E832EBBEE52007D1495 /* Debug */,
				84052E842EBBEE52007D1495 /* Release */,
			);
			defaultConfigurationIsVisible = 0;
			defaultConfigurationName = Release;
		};
		84052E852EBBEE52007D1495 /* Build configuration list for PBXNativeTarget "leafbud-frontendTests" */ = {
			isa = XCConfigurationList;
			buildConfigurations = (
				84052E862EBBEE52007D1495 /* Debug */,
				84052E872EBBEE52007D1495 /* Release */,
			);
			defaultConfigurationIsVisible = 0;
			defaultConfigurationName = Release;
		};
		84052E882EBBEE52007D1495 /* Build configuration list for PBXNativeTarget "leafbud-frontendUITests" */ = {
			isa = XCConfigurationList;
			buildConfigurations = (
				84052E892EBBEE52007D1495 /* Debug */,
				84052E8A2EBBEE52007D1495 /* Release */,
			);
			defaultConfigurationIsVisible = 0;
			defaultConfigurationName = Release;
		};
/* End XCConfigurationList section */

/* Begin XCRemoteSwiftPackageReference section */
		84052E912EBBFD01007D1495 /* XCRemoteSwiftPackageReference "supabase-swift" */ = {
			isa = XCRemoteSwiftPackageReference;
			repositoryURL = "https://github.com/supabase-community/supabase-swift";
			requirement = {
				kind = upToNextMajorVersion;
				minimumVersion = 2.5.1;
			};
		};
		84FE5BE82EBE8CFA00A78864 /* XCRemoteSwiftPackageReference "GoogleSignIn-iOS" */ = {
			isa = XCRemoteSwiftPackageReference;
			repositoryURL = "https://github.com/google/GoogleSignIn-iOS";
			requirement = {
				kind = upToNextMajorVersion;
				minimumVersion = 9.0.0;
			};
		};
/* End XCRemoteSwiftPackageReference section */

/* Begin XCSwiftPackageProductDependency section */
		84052E922EBBFD01007D1495 /* Auth */ = {
			isa = XCSwiftPackageProductDependency;
			package = 84052E912EBBFD01007D1495 /* XCRemoteSwiftPackageReference "supabase-swift" */;
			productName = Auth;
		};
		84052E942EBBFD01007D1495 /* Functions */ = {
			isa = XCSwiftPackageProductDependency;
			package = 84052E912EBBFD01007D1495 /* XCRemoteSwiftPackageReference "supabase-swift" */;
			productName = Functions;
		};
		84052E962EBBFD01007D1495 /* PostgREST */ = {
			isa = XCSwiftPackageProductDependency;
			package = 84052E912EBBFD01007D1495 /* XCRemoteSwiftPackageReference "supabase-swift" */;
			productName = PostgREST;
		};
		84052E982EBBFD01007D1495 /* Realtime */ = {
			isa = XCSwiftPackageProductDependency;
			package = 84052E912EBBFD01007D1495 /* XCRemoteSwiftPackageReference "supabase-swift" */;
			productName = Realtime;
		};
		84052E9A2EBBFD01007D1495 /* Storage */ = {
			isa = XCSwiftPackageProductDependency;
			package = 84052E912EBBFD01007D1495 /* XCRemoteSwiftPackageReference "supabase-swift" */;
			productName = Storage;
		};
		84052E9D2EBBFEA5007D1495 /* Supabase */ = {
			isa = XCSwiftPackageProductDependency;
			package = 84052E912EBBFD01007D1495 /* XCRemoteSwiftPackageReference "supabase-swift" */;
			productName = Supabase;
		};
		84FE5BE92EBE8CFA00A78864 /* GoogleSignIn */ = {
			isa = XCSwiftPackageProductDependency;
			package = 84FE5BE82EBE8CFA00A78864 /* XCRemoteSwiftPackageReference "GoogleSignIn-iOS" */;
			productName = GoogleSignIn;
		};
		84FE5BEB2EBE8CFA00A78864 /* GoogleSignInSwift */ = {
			isa = XCSwiftPackageProductDependency;
			package = 84FE5BE82EBE8CFA00A78864 /* XCRemoteSwiftPackageReference "GoogleSignIn-iOS" */;
			productName = GoogleSignInSwift;
		};
/* End XCSwiftPackageProductDependency section */
	};
	rootObject = 84052E572EBBEE50007D1495 /* Project object */;
}
